// !$*UTF8*$!
{
	archiveVersion = 1;
	classes = {
	};
	objectVersion = 46;
	objects = {

/* Begin PBXBuildFile section */
		D3E18E711AD91EBE00787903 /* AppDelegate.swift in Sources */ = {isa = PBXBuildFile; fileRef = D3E18E701AD91EBE00787903 /* AppDelegate.swift */; };
		D3E18E731AD91EBE00787903 /* ViewController.swift in Sources */ = {isa = PBXBuildFile; fileRef = D3E18E721AD91EBE00787903 /* ViewController.swift */; };
		D3E18E761AD91EBE00787903 /* Main.storyboard in Resources */ = {isa = PBXBuildFile; fileRef = D3E18E741AD91EBE00787903 /* Main.storyboard */; };
		D3E18E781AD91EBE00787903 /* Images.xcassets in Resources */ = {isa = PBXBuildFile; fileRef = D3E18E771AD91EBE00787903 /* Images.xcassets */; };
		D3E18E7B1AD91EBE00787903 /* LaunchScreen.xib in Resources */ = {isa = PBXBuildFile; fileRef = D3E18E791AD91EBE00787903 /* LaunchScreen.xib */; };
		D3E18E871AD91EBE00787903 /* Dog_Age_CalculatorTests.swift in Sources */ = {isa = PBXBuildFile; fileRef = D3E18E861AD91EBE00787903 /* Dog_Age_CalculatorTests.swift */; };
		D3E18E911AD921C600787903 /* pugs.jpg in Resources */ = {isa = PBXBuildFile; fileRef = D3E18E901AD921C600787903 /* pugs.jpg */; };
/* End PBXBuildFile section */

/* Begin PBXContainerItemProxy section */
		D3E18E811AD91EBE00787903 /* PBXContainerItemProxy */ = {
			isa = PBXContainerItemProxy;
			containerPortal = D3E18E631AD91EBD00787903 /* Project object */;
			proxyType = 1;
			remoteGlobalIDString = D3E18E6A1AD91EBD00787903;
			remoteInfo = "Dog Age Calculator";
		};
/* End PBXContainerItemProxy section */

/* Begin PBXFileReference section */
		D3E18E6B1AD91EBE00787903 /* Dog Age Calculator.app */ = {isa = PBXFileReference; explicitFileType = wrapper.application; includeInIndex = 0; path = "Dog Age Calculator.app"; sourceTree = BUILT_PRODUCTS_DIR; };
		D3E18E6F1AD91EBE00787903 /* Info.plist */ = {isa = PBXFileReference; lastKnownFileType = text.plist.xml; path = Info.plist; sourceTree = "<group>"; };
		D3E18E701AD91EBE00787903 /* AppDelegate.swift */ = {isa = PBXFileReference; lastKnownFileType = sourcecode.swift; path = AppDelegate.swift; sourceTree = "<group>"; };
		D3E18E721AD91EBE00787903 /* ViewController.swift */ = {isa = PBXFileReference; lastKnownFileType = sourcecode.swift; path = ViewController.swift; sourceTree = "<group>"; };
		D3E18E751AD91EBE00787903 /* Base */ = {isa = PBXFileReference; lastKnownFileType = file.storyboard; name = Base; path = Base.lproj/Main.storyboard; sourceTree = "<group>"; };
		D3E18E771AD91EBE00787903 /* Images.xcassets */ = {isa = PBXFileReference; lastKnownFileType = folder.assetcatalog; path = Images.xcassets; sourceTree = "<group>"; };
		D3E18E7A1AD91EBE00787903 /* Base */ = {isa = PBXFileReference; lastKnownFileType = file.xib; name = Base; path = Base.lproj/LaunchScreen.xib; sourceTree = "<group>"; };
		D3E18E801AD91EBE00787903 /* Dog Age CalculatorTests.xctest */ = {isa = PBXFileReference; explicitFileType = wrapper.cfbundle; includeInIndex = 0; path = "Dog Age CalculatorTests.xctest"; sourceTree = BUILT_PRODUCTS_DIR; };
		D3E18E851AD91EBE00787903 /* Info.plist */ = {isa = PBXFileReference; lastKnownFileType = text.plist.xml; path = Info.plist; sourceTree = "<group>"; };
		D3E18E861AD91EBE00787903 /* Dog_Age_CalculatorTests.swift */ = {isa = PBXFileReference; lastKnownFileType = sourcecode.swift; path = Dog_Age_CalculatorTests.swift; sourceTree = "<group>"; };
		D3E18E901AD921C600787903 /* pugs.jpg */ = {isa = PBXFileReference; lastKnownFileType = image.jpeg; path = pugs.jpg; sourceTree = "<group>"; };
/* End PBXFileReference section */

/* Begin PBXFrameworksBuildPhase section */
		D3E18E681AD91EBD00787903 /* Frameworks */ = {
			isa = PBXFrameworksBuildPhase;
			buildActionMask = 2147483647;
			files = (
			);
			runOnlyForDeploymentPostprocessing = 0;
		};
		D3E18E7D1AD91EBE00787903 /* Frameworks */ = {
			isa = PBXFrameworksBuildPhase;
			buildActionMask = 2147483647;
			files = (
			);
			runOnlyForDeploymentPostprocessing = 0;
		};
/* End PBXFrameworksBuildPhase section */

/* Begin PBXGroup section */
		D3E18E621AD91EBD00787903 = {
			isa = PBXGroup;
			children = (
				D3E18E901AD921C600787903 /* pugs.jpg */,
				D3E18E6D1AD91EBE00787903 /* Dog Age Calculator */,
				D3E18E831AD91EBE00787903 /* Dog Age CalculatorTests */,
				D3E18E6C1AD91EBE00787903 /* Products */,
			);
			sourceTree = "<group>";
		};
		D3E18E6C1AD91EBE00787903 /* Products */ = {
			isa = PBXGroup;
			children = (
				D3E18E6B1AD91EBE00787903 /* Dog Age Calculator.app */,
				D3E18E801AD91EBE00787903 /* Dog Age CalculatorTests.xctest */,
			);
			name = Products;
			sourceTree = "<group>";
		};
		D3E18E6D1AD91EBE00787903 /* Dog Age Calculator */ = {
			isa = PBXGroup;
			children = (
				D3E18E701AD91EBE00787903 /* AppDelegate.swift */,
				D3E18E721AD91EBE00787903 /* ViewController.swift */,
				D3E18E741AD91EBE00787903 /* Main.storyboard */,
				D3E18E771AD91EBE00787903 /* Images.xcassets */,
				D3E18E791AD91EBE00787903 /* LaunchScreen.xib */,
				D3E18E6E1AD91EBE00787903 /* Supporting Files */,
			);
			path = "Dog Age Calculator";
			sourceTree = "<group>";
		};
		D3E18E6E1AD91EBE00787903 /* Supporting Files */ = {
			isa = PBXGroup;
			children = (
				D3E18E6F1AD91EBE00787903 /* Info.plist */,
			);
			name = "Supporting Files";
			sourceTree = "<group>";
		};
		D3E18E831AD91EBE00787903 /* Dog Age CalculatorTests */ = {
			isa = PBXGroup;
			children = (
				D3E18E861AD91EBE00787903 /* Dog_Age_CalculatorTests.swift */,
				D3E18E841AD91EBE00787903 /* Supporting Files */,
			);
			path = "Dog Age CalculatorTests";
			sourceTree = "<group>";
		};
		D3E18E841AD91EBE00787903 /* Supporting Files */ = {
			isa = PBXGroup;
			children = (
				D3E18E851AD91EBE00787903 /* Info.plist */,
			);
			name = "Supporting Files";
			sourceTree = "<group>";
		};
/* End PBXGroup section */

/* Begin PBXNativeTarget section */
		D3E18E6A1AD91EBD00787903 /* Dog Age Calculator */ = {
			isa = PBXNativeTarget;
			buildConfigurationList = D3E18E8A1AD91EBE00787903 /* Build configuration list for PBXNativeTarget "Dog Age Calculator" */;
			buildPhases = (
				D3E18E671AD91EBD00787903 /* Sources */,
				D3E18E681AD91EBD00787903 /* Frameworks */,
				D3E18E691AD91EBD00787903 /* Resources */,
			);
			buildRules = (
			);
			dependencies = (
			);
			name = "Dog Age Calculator";
			productName = "Dog Age Calculator";
			productReference = D3E18E6B1AD91EBE00787903 /* Dog Age Calculator.app */;
			productType = "com.apple.product-type.application";
		};
		D3E18E7F1AD91EBE00787903 /* Dog Age CalculatorTests */ = {
			isa = PBXNativeTarget;
			buildConfigurationList = D3E18E8D1AD91EBE00787903 /* Build configuration list for PBXNativeTarget "Dog Age CalculatorTests" */;
			buildPhases = (
				D3E18E7C1AD91EBE00787903 /* Sources */,
				D3E18E7D1AD91EBE00787903 /* Frameworks */,
				D3E18E7E1AD91EBE00787903 /* Resources */,
			);
			buildRules = (
			);
			dependencies = (
				D3E18E821AD91EBE00787903 /* PBXTargetDependency */,
			);
			name = "Dog Age CalculatorTests";
			productName = "Dog Age CalculatorTests";
			productReference = D3E18E801AD91EBE00787903 /* Dog Age CalculatorTests.xctest */;
			productType = "com.apple.product-type.bundle.unit-test";
		};
/* End PBXNativeTarget section */

/* Begin PBXProject section */
		D3E18E631AD91EBD00787903 /* Project object */ = {
			isa = PBXProject;
			attributes = {
				LastUpgradeCheck = 0630;
				ORGANIZATIONNAME = "Laura Artiles";
				TargetAttributes = {
					D3E18E6A1AD91EBD00787903 = {
						CreatedOnToolsVersion = 6.3;
						DevelopmentTeam = G3D2N3S2P9;
					};
					D3E18E7F1AD91EBE00787903 = {
						CreatedOnToolsVersion = 6.3;
						TestTargetID = D3E18E6A1AD91EBD00787903;
					};
				};
			};
			buildConfigurationList = D3E18E661AD91EBD00787903 /* Build configuration list for PBXProject "Dog Age Calculator" */;
			compatibilityVersion = "Xcode 3.2";
			developmentRegion = English;
			hasScannedForEncodings = 0;
			knownRegions = (
				en,
				Base,
			);
			mainGroup = D3E18E621AD91EBD00787903;
			productRefGroup = D3E18E6C1AD91EBE00787903 /* Products */;
			projectDirPath = "";
			projectRoot = "";
			targets = (
				D3E18E6A1AD91EBD00787903 /* Dog Age Calculator */,
				D3E18E7F1AD91EBE00787903 /* Dog Age CalculatorTests */,
			);
		};
/* End PBXProject section */

/* Begin PBXResourcesBuildPhase section */
		D3E18E691AD91EBD00787903 /* Resources */ = {
			isa = PBXResourcesBuildPhase;
			buildActionMask = 2147483647;
			files = (
				D3E18E761AD91EBE00787903 /* Main.storyboard in Resources */,
				D3E18E7B1AD91EBE00787903 /* LaunchScreen.xib in Resources */,
				D3E18E911AD921C600787903 /* pugs.jpg in Resources */,
				D3E18E781AD91EBE00787903 /* Images.xcassets in Resources */,
			);
			runOnlyForDeploymentPostprocessing = 0;
		};
		D3E18E7E1AD91EBE00787903 /* Resources */ = {
			isa = PBXResourcesBuildPhase;
			buildActionMask = 2147483647;
			files = (
			);
			runOnlyForDeploymentPostprocessing = 0;
		};
/* End PBXResourcesBuildPhase section */

/* Begin PBXSourcesBuildPhase section */
		D3E18E671AD91EBD00787903 /* Sources */ = {
			isa = PBXSourcesBuildPhase;
			buildActionMask = 2147483647;
			files = (
				D3E18E731AD91EBE00787903 /* ViewController.swift in Sources */,
				D3E18E711AD91EBE00787903 /* AppDelegate.swift in Sources */,
			);
			runOnlyForDeploymentPostprocessing = 0;
		};
		D3E18E7C1AD91EBE00787903 /* Sources */ = {
			isa = PBXSourcesBuildPhase;
			buildActionMask = 2147483647;
			files = (
				D3E18E871AD91EBE00787903 /* Dog_Age_CalculatorTests.swift in Sources */,
			);
			runOnlyForDeploymentPostprocessing = 0;
		};
/* End PBXSourcesBuildPhase section */

/* Begin PBXTargetDependency section */
		D3E18E821AD91EBE00787903 /* PBXTargetDependency */ = {
			isa = PBXTargetDependency;
			target = D3E18E6A1AD91EBD00787903 /* Dog Age Calculator */;
			targetProxy = D3E18E811AD91EBE00787903 /* PBXContainerItemProxy */;
		};
/* End PBXTargetDependency section */

/* Begin PBXVariantGroup section */
		D3E18E741AD91EBE00787903 /* Main.storyboard */ = {
			isa = PBXVariantGroup;
			children = (
				D3E18E751AD91EBE00787903 /* Base */,
			);
			name = Main.storyboard;
			sourceTree = "<group>";
		};
		D3E18E791AD91EBE00787903 /* LaunchScreen.xib */ = {
			isa = PBXVariantGroup;
			children = (
				D3E18E7A1AD91EBE00787903 /* Base */,
			);
			name = LaunchScreen.xib;
			sourceTree = "<group>";
		};
/* End PBXVariantGroup section */

/* Begin XCBuildConfiguration section */
		D3E18E881AD91EBE00787903 /* Debug */ = {
			isa = XCBuildConfiguration;
			buildSettings = {
				ALWAYS_SEARCH_USER_PATHS = NO;
				CLANG_CXX_LANGUAGE_STANDARD = "gnu++0x";
				CLANG_CXX_LIBRARY = "libc++";
				CLANG_ENABLE_MODULES = YES;
				CLANG_ENABLE_OBJC_ARC = YES;
				CLANG_WARN_BOOL_CONVERSION = YES;
				CLANG_WARN_CONSTANT_CONVERSION = YES;
				CLANG_WARN_DIRECT_OBJC_ISA_USAGE = YES_ERROR;
				CLANG_WARN_EMPTY_BODY = YES;
				CLANG_WARN_ENUM_CONVERSION = YES;
				CLANG_WARN_INT_CONVERSION = YES;
				CLANG_WARN_OBJC_ROOT_CLASS = YES_ERROR;
				CLANG_WARN_UNREACHABLE_CODE = YES;
				CLANG_WARN__DUPLICATE_METHOD_MATCH = YES;
				"CODE_SIGN_IDENTITY[sdk=iphoneos*]" = "iPhone Developer";
				COPY_PHASE_STRIP = NO;
				DEBUG_INFORMATION_FORMAT = "dwarf-with-dsym";
				ENABLE_STRICT_OBJC_MSGSEND = YES;
				GCC_C_LANGUAGE_STANDARD = gnu99;
				GCC_DYNAMIC_NO_PIC = NO;
				GCC_NO_COMMON_BLOCKS = YES;
				GCC_OPTIMIZATION_LEVEL = 0;
				GCC_PREPROCESSOR_DEFINITIONS = (
					"DEBUG=1",
					"$(inherited)",
				);
				GCC_SYMBOLS_PRIVATE_EXTERN = NO;
				GCC_WARN_64_TO_32_BIT_CONVERSION = YES;
				GCC_WARN_ABOUT_RETURN_TYPE = YES_ERROR;
				GCC_WARN_UNDECLARED_SELECTOR = YES;
				GCC_WARN_UNINITIALIZED_AUTOS = YES_AGGRESSIVE;
				GCC_WARN_UNUSED_FUNCTION = YES;
				GCC_WARN_UNUSED_VARIABLE = YES;
				IPHONEOS_DEPLOYMENT_TARGET = 8.3;
				MTL_ENABLE_DEBUG_INFO = YES;
				ONLY_ACTIVE_ARCH = YES;
				SDKROOT = iphoneos;
				SWIFT_OPTIMIZATION_LEVEL = "-Onone";
			};
			name = Debug;
		};
		D3E18E891AD91EBE00787903 /* Release */ = {
			isa = XCBuildConfiguration;
			buildSettings = {
				ALWAYS_SEARCH_USER_PATHS = NO;
				CLANG_CXX_LANGUAGE_STANDARD = "gnu++0x";
				CLANG_CXX_LIBRARY = "libc++";
				CLANG_ENABLE_MODULES = YES;
				CLANG_ENABLE_OBJC_ARC = YES;
				CLANG_WARN_BOOL_CONVERSION = YES;
				CLANG_WARN_CONSTANT_CONVERSION = YES;
				CLANG_WARN_DIRECT_OBJC_ISA_USAGE = YES_ERROR;
				CLANG_WARN_EMPTY_BODY = YES;
				CLANG_WARN_ENUM_CONVERSION = YES;
				CLANG_WARN_INT_CONVERSION = YES;
				CLANG_WARN_OBJC_ROOT_CLASS = YES_ERROR;
				CLANG_WARN_UNREACHABLE_CODE = YES;
				CLANG_WARN__DUPLICATE_METHOD_MATCH = YES;
				"CODE_SIGN_IDENTITY[sdk=iphoneos*]" = "iPhone Developer";
				COPY_PHASE_STRIP = NO;
				DEBUG_INFORMATION_FORMAT = "dwarf-with-dsym";
				ENABLE_NS_ASSERTIONS = NO;
				ENABLE_STRICT_OBJC_MSGSEND = YES;
				GCC_C_LANGUAGE_STANDARD = gnu99;
				GCC_NO_COMMON_BLOCKS = YES;
				GCC_WARN_64_TO_32_BIT_CONVERSION = YES;
				GCC_WARN_ABOUT_RETURN_TYPE = YES_ERROR;
				GCC_WARN_UNDECLARED_SELECTOR = YES;
				GCC_WARN_UNINITIALIZED_AUTOS = YES_AGGRESSIVE;
				GCC_WARN_UNUSED_FUNCTION = YES;
				GCC_WARN_UNUSED_VARIABLE = YES;
				IPHONEOS_DEPLOYMENT_TARGET = 8.3;
				MTL_ENABLE_DEBUG_INFO = NO;
				SDKROOT = iphoneos;
				VALIDATE_PRODUCT = YES;
			};
			name = Release;
		};
		D3E18E8B1AD91EBE00787903 /* Debug */ = {
			isa = XCBuildConfiguration;
			buildSettings = {
				ASSETCATALOG_COMPILER_APPICON_NAME = AppIcon;
				CODE_SIGN_IDENTITY = "iPhone Developer";
				"CODE_SIGN_IDENTITY[sdk=iphoneos*]" = "iPhone Developer";
				INFOPLIST_FILE = "Dog Age Calculator/Info.plist";
				IPHONEOS_DEPLOYMENT_TARGET = 8.0;
				LD_RUNPATH_SEARCH_PATHS = "$(inherited) @executable_path/Frameworks";
				PRODUCT_NAME = "$(TARGET_NAME)";
				PROVISIONING_PROFILE = "";
			};
			name = Debug;
		};
		D3E18E8C1AD91EBE00787903 /* Release */ = {
			isa = XCBuildConfiguration;
			buildSettings = {
				ASSETCATALOG_COMPILER_APPICON_NAME = AppIcon;
				CODE_SIGN_IDENTITY = "iPhone Developer";
				"CODE_SIGN_IDENTITY[sdk=iphoneos*]" = "iPhone Developer";
				INFOPLIST_FILE = "Dog Age Calculator/Info.plist";
				IPHONEOS_DEPLOYMENT_TARGET = 8.0;
				LD_RUNPATH_SEARCH_PATHS = "$(inherited) @executable_path/Frameworks";
				PRODUCT_NAME = "$(TARGET_NAME)";
				PROVISIONING_PROFILE = "";
			};
			name = Release;
		};
		D3E18E8E1AD91EBE00787903 /* Debug */ = {
			isa = XCBuildConfiguration;
			buildSettings = {
				BUNDLE_LOADER = "$(TEST_HOST)";
				FRAMEWORK_SEARCH_PATHS = (
					"$(SDKROOT)/Developer/Library/Frameworks",
					"$(inherited)",
				);
				GCC_PREPROCESSOR_DEFINITIONS = (
					"DEBUG=1",
					"$(inherited)",
				);
				INFOPLIST_FILE = "Dog Age CalculatorTests/Info.plist";
				LD_RUNPATH_SEARCH_PATHS = "$(inherited) @executable_path/Frameworks @loader_path/Frameworks";
				PRODUCT_NAME = "$(TARGET_NAME)";
				TEST_HOST = "$(BUILT_PRODUCTS_DIR)/Dog Age Calculator.app/Dog Age Calculator";
			};
			name = Debug;
		};
		D3E18E8F1AD91EBE00787903 /* Release */ = {
			isa = XCBuildConfiguration;
			buildSettings = {
				BUNDLE_LOADER = "$(TEST_HOST)";
				FRAMEWORK_SEARCH_PATHS = (
					"$(SDKROOT)/Developer/Library/Frameworks",
					"$(inherited)",
				);
				INFOPLIST_FILE = "Dog Age CalculatorTests/Info.plist";
				LD_RUNPATH_SEARCH_PATHS = "$(inherited) @executable_path/Frameworks @loader_path/Frameworks";
				PRODUCT_NAME = "$(TARGET_NAME)";
				TEST_HOST = "$(BUILT_PRODUCTS_DIR)/Dog Age Calculator.app/Dog Age Calculator";
			};
			name = Release;
		};
/* End XCBuildConfiguration section */

/* Begin XCConfigurationList section */
		D3E18E661AD91EBD00787903 /* Build configuration list for PBXProject "Dog Age Calculator" */ = {
			isa = XCConfigurationList;
			buildConfigurations = (
				D3E18E881AD91EBE00787903 /* Debug */,
				D3E18E891AD91EBE00787903 /* Release */,
			);
			defaultConfigurationIsVisible = 0;
			defaultConfigurationName = Release;
		};
		D3E18E8A1AD91EBE00787903 /* Build configuration list for PBXNativeTarget "Dog Age Calculator" */ = {
			isa = XCConfigurationList;
			buildConfigurations = (
				D3E18E8B1AD91EBE00787903 /* Debug */,
				D3E18E8C1AD91EBE00787903 /* Release */,
			);
			defaultConfigurationIsVisible = 0;
		};
		D3E18E8D1AD91EBE00787903 /* Build configuration list for PBXNativeTarget "Dog Age CalculatorTests" */ = {
			isa = XCConfigurationList;
			buildConfigurations = (
				D3E18E8E1AD91EBE00787903 /* Debug */,
				D3E18E8F1AD91EBE00787903 /* Release */,
			);
			defaultConfigurationIsVisible = 0;
		};
/* End XCConfigurationList section */
	};
	rootObject = D3E18E631AD91EBD00787903 /* Project object */;
}
